github.com/voocel/litellm v1.8.9 h1:qzllpc4pgqK0b27RcoP6Ost5pL0I85G2bC3whxZ+8eY=
github.com/voocel/litellm v1.8.9/go.mod h1:6MBUu3I4DHm7h72Vl+3nqLruSwYmgqMf/I9BGoordJ4=
golang.org/x/image v0.44.0 h1:+tDekMZED9+LrtB3G5xzRggpVh9CARjZqROla3R3R+I=
golang.org/x/image v0.44.0/go.mod h1:V8K3KE9KKKE+pLpQDOeN18w9oacNSvy1tDOirTu4xtY=
